
Microsoft Visual Studio Solution File, Format Version 12.00
# Visual Studio Version 17
VisualStudioVersion = 17.11.35222.181
MinimumVisualStudioVersion = 10.0.40219.1
Project("{FAE04EC0-301F-11D3-BF4B-00C04F79EFBC}") = "pokiapiPractica", "pokiapiPractica\pokiapiPractica.csproj", "{7ADACAE1-EABD-43E2-A443-672847B0F756}"
EndProject
Global
	GlobalSection(SolutionConfigurationPlatforms) = preSolution
		Debug|Any CPU = Debug|Any CPU
		Release|Any CPU = Release|Any CPU
	EndGlobalSection
	GlobalSection(ProjectConfigurationPlatforms) = postSolution
		{7ADACAE1-EABD-43E2-A443-672847B0F756}.Debug|Any CPU.ActiveCfg = Debug|Any CPU
		{7ADACAE1-EABD-43E2-A443-672847B0F756}.Debug|Any CPU.Build.0 = Debug|Any CPU
		{7ADACAE1-EABD-43E2-A443-672847B0F756}.Release|Any CPU.ActiveCfg = Release|Any CPU
		{7ADACAE1-EABD-43E2-A443-672847B0F756}.Release|Any CPU.Build.0 = Release|Any CPU
	EndGlobalSection
	GlobalSection(SolutionProperties) = preSolution
		HideSolutionNode = FALSE
	EndGlobalSection
	GlobalSection(ExtensibilityGlobals) = postSolution
		SolutionGuid = {22693EB8-A7FB-43F0-A399-E6B95865895E}
	EndGlobalSection
EndGlobal
